
Microsoft Visual Studio Solution File, Format Version 12.00
# Visual Studio Version 17
VisualStudioVersion = 17.14.36623.8 d17.14
MinimumVisualStudioVersion = 10.0.40219.1
Project("{FAE04EC0-301F-11D3-BF4B-00C04F79EFBC}") = "PerformancePrognosis-Bogucki", "PerformancePrognosis-Bogucki.csproj", "{203296D9-E163-495C-BA12-CE20EB128EAC}"
EndProject
Global
	GlobalSection(SolutionConfigurationPlatforms) = preSolution
		Debug|Any CPU = Debug|Any CPU
		Release|Any CPU = Release|Any CPU
	EndGlobalSection
	GlobalSection(ProjectConfigurationPlatforms) = postSolution
		{203296D9-E163-495C-BA12-CE20EB128EAC}.Debug|Any CPU.ActiveCfg = Debug|Any CPU
		{203296D9-E163-495C-BA12-CE20EB128EAC}.Debug|Any CPU.Build.0 = Debug|Any CPU
		{203296D9-E163-495C-BA12-CE20EB128EAC}.Release|Any CPU.ActiveCfg = Release|Any CPU
		{203296D9-E163-495C-BA12-CE20EB128EAC}.Release|Any CPU.Build.0 = Release|Any CPU
	EndGlobalSection
	GlobalSection(SolutionProperties) = preSolution
		HideSolutionNode = FALSE
	EndGlobalSection
	GlobalSection(ExtensibilityGlobals) = postSolution
		SolutionGuid = {163FEA01-00AA-4664-A9B6-6DEF1BBBC4AE}
	EndGlobalSection
EndGlobal
